
Microsoft Visual Studio Solution File, Format Version 12.00
# Visual Studio Version 17
VisualStudioVersion = 17.13.35913.81
MinimumVisualStudioVersion = 10.0.40219.1
Project("{FAE04EC0-301F-11D3-BF4B-00C04F79EFBC}") = "CompanyApp.MauiBlazor", "CompanyApp.MauiBlazor.csproj", "{32384C03-F942-48A5-B414-4416C9E67E72}"
EndProject
Global
	GlobalSection(SolutionConfigurationPlatforms) = preSolution
		Debug|Any CPU = Debug|Any CPU
		Release|Any CPU = Release|Any CPU
	EndGlobalSection
	GlobalSection(ProjectConfigurationPlatforms) = postSolution
		{32384C03-F942-48A5-B414-4416C9E67E72}.Debug|Any CPU.ActiveCfg = Debug|Any CPU
		{32384C03-F942-48A5-B414-4416C9E67E72}.Debug|Any CPU.Build.0 = Debug|Any CPU
		{32384C03-F942-48A5-B414-4416C9E67E72}.Release|Any CPU.ActiveCfg = Release|Any CPU
		{32384C03-F942-48A5-B414-4416C9E67E72}.Release|Any CPU.Build.0 = Release|Any CPU
	EndGlobalSection
	GlobalSection(SolutionProperties) = preSolution
		HideSolutionNode = FALSE
	EndGlobalSection
	GlobalSection(ExtensibilityGlobals) = postSolution
		SolutionGuid = {9D484FF2-2713-41D2-94A5-8B70DF20A054}
	EndGlobalSection
EndGlobal
